
Microsoft Visual Studio Solution File, Format Version 12.00
# Visual Studio Version 17
VisualStudioVersion = 17.13.35919.96 d17.13
MinimumVisualStudioVersion = 10.0.40219.1
Project("{888888A0-9F3D-457C-B088-3A5042F75D52}") = "bitceni.back", "bitceni.back\bitceni.back.pyproj", "{F2C8CBF8-852D-43BF-90C0-AA4248BDBA49}"
EndProject
Project("{54A90642-561A-4BB1-A94E-469ADEE60C69}") = "bitceni.front", "bitceni.front\bitceni.front.esproj", "{D71A270E-E473-D556-6EE7-B205DD5C52C1}"
EndProject
Project("{888888A0-9F3D-457C-B088-3A5042F75D52}") = "bitceni.scraper", "bitceni.scraper\bitceni.scraper.pyproj", "{838DE7A1-0FB8-4343-BD0D-4AB46BC4744F}"
EndProject
Global
	GlobalSection(SolutionConfigurationPlatforms) = preSolution
		Debug|Any CPU = Debug|Any CPU
		Release|Any CPU = Release|Any CPU
	EndGlobalSection
	GlobalSection(ProjectConfigurationPlatforms) = postSolution
		{F2C8CBF8-852D-43BF-90C0-AA4248BDBA49}.Debug|Any CPU.ActiveCfg = Debug|Any CPU
		{F2C8CBF8-852D-43BF-90C0-AA4248BDBA49}.Debug|Any CPU.Build.0 = Debug|Any CPU
		{F2C8CBF8-852D-43BF-90C0-AA4248BDBA49}.Release|Any CPU.ActiveCfg = Release|Any CPU
		{F2C8CBF8-852D-43BF-90C0-AA4248BDBA49}.Release|Any CPU.Build.0 = Release|Any CPU
		{D71A270E-E473-D556-6EE7-B205DD5C52C1}.Debug|Any CPU.ActiveCfg = Debug|Any CPU
		{D71A270E-E473-D556-6EE7-B205DD5C52C1}.Debug|Any CPU.Build.0 = Debug|Any CPU
		{D71A270E-E473-D556-6EE7-B205DD5C52C1}.Debug|Any CPU.Deploy.0 = Debug|Any CPU
		{D71A270E-E473-D556-6EE7-B205DD5C52C1}.Release|Any CPU.ActiveCfg = Release|Any CPU
		{D71A270E-E473-D556-6EE7-B205DD5C52C1}.Release|Any CPU.Build.0 = Release|Any CPU
		{D71A270E-E473-D556-6EE7-B205DD5C52C1}.Release|Any CPU.Deploy.0 = Release|Any CPU
		{838DE7A1-0FB8-4343-BD0D-4AB46BC4744F}.Debug|Any CPU.ActiveCfg = Debug|Any CPU
		{838DE7A1-0FB8-4343-BD0D-4AB46BC4744F}.Release|Any CPU.ActiveCfg = Release|Any CPU
	EndGlobalSection
	GlobalSection(SolutionProperties) = preSolution
		HideSolutionNode = FALSE
	EndGlobalSection
	GlobalSection(ExtensibilityGlobals) = postSolution
		SolutionGuid = {5ED28D54-EC25-4151-91BE-CD53FAF9B813}
	EndGlobalSection
EndGlobal
